{
  "version": 4,
  "terraform_version": "1.5.7",
  "serial": 7,
  "lineage": "d38450f4-218f-6dd5-5e82-43fa67805a30",
  "outputs": {
    "ecr_repository_urls": {
      "value": {
        "backend": "246766638160.dkr.ecr.ap-northeast-1.amazonaws.com/npmatch-backend",
        "frontend": "246766638160.dkr.ecr.ap-northeast-1.amazonaws.com/npmatch-frontend",
        "ingestion": "246766638160.dkr.ecr.ap-northeast-1.amazonaws.com/npmatch-ingestion"
      },
      "type": [
        "object",
        {
          "backend": "string",
          "frontend": "string",
          "ingestion": "string"
        }
      ]
    }
  },
  "resources": [
    {
      "module": "module.ecr",
      "mode": "managed",
      "type": "aws_ecr_lifecycle_policy",
      "name": "this",
      "provider": "provider[\"registry.terraform.io/hashicorp/aws\"]",
      "instances": [
        {
          "index_key": "backend",
          "schema_version": 0,
          "attributes": {
            "id": "npmatch-backend",
            "policy": "{\"rules\":[{\"action\":{\"type\":\"expire\"},\"description\":\"Keep last 5 images\",\"rulePriority\":1,\"selection\":{\"countNumber\":5,\"countType\":\"imageCountMoreThan\",\"tagStatus\":\"any\"}}]}",
            "registry_id": "246766638160",
            "repository": "npmatch-backend"
          },
          "sensitive_attributes": [],
          "private": "bnVsbA==",
          "dependencies": [
            "module.ecr.aws_ecr_repository.this"
          ]
        },
        {
          "index_key": "frontend",
          "schema_version": 0,
          "attributes": {
            "id": "npmatch-frontend",
            "policy": "{\"rules\":[{\"action\":{\"type\":\"expire\"},\"description\":\"Keep last 5 images\",\"rulePriority\":1,\"selection\":{\"countNumber\":5,\"countType\":\"imageCountMoreThan\",\"tagStatus\":\"any\"}}]}",
            "registry_id": "246766638160",
            "repository": "npmatch-frontend"
          },
          "sensitive_attributes": [],
          "private": "bnVsbA==",
          "dependencies": [
            "module.ecr.aws_ecr_repository.this"
          ]
        },
        {
          "index_key": "ingestion",
          "schema_version": 0,
          "attributes": {
            "id": "npmatch-ingestion",
            "policy": "{\"rules\":[{\"action\":{\"type\":\"expire\"},\"description\":\"Keep last 5 images\",\"rulePriority\":1,\"selection\":{\"countNumber\":5,\"countType\":\"imageCountMoreThan\",\"tagStatus\":\"any\"}}]}",
            "registry_id": "246766638160",
            "repository": "npmatch-ingestion"
          },
          "sensitive_attributes": [],
          "private": "bnVsbA==",
          "dependencies": [
            "module.ecr.aws_ecr_repository.this"
          ]
        }
      ]
    },
    {
      "module": "module.ecr",
      "mode": "managed",
      "type": "aws_ecr_repository",
      "name": "this",
      "provider": "provider[\"registry.terraform.io/hashicorp/aws\"]",
      "instances": [
        {
          "index_key": "backend",
          "schema_version": 0,
          "attributes": {
            "arn": "arn:aws:ecr:ap-northeast-1:246766638160:repository/npmatch-backend",
            "encryption_configuration": [
              {
                "encryption_type": "AES256",
                "kms_key": ""
              }
            ],
            "force_delete": null,
            "id": "npmatch-backend",
            "image_scanning_configuration": [
              {
                "scan_on_push": true
              }
            ],
            "image_tag_mutability": "MUTABLE",
            "name": "npmatch-backend",
            "registry_id": "246766638160",
            "repository_url": "246766638160.dkr.ecr.ap-northeast-1.amazonaws.com/npmatch-backend",
            "tags": {
              "Project": "npmatch",
              "Service": "backend"
            },
            "tags_all": {
              "Project": "npmatch",
              "Service": "backend"
            },
            "timeouts": null
          },
          "sensitive_attributes": [],
          "private": "eyJlMmJmYjczMC1lY2FhLTExZTYtOGY4OC0zNDM2M2JjN2M0YzAiOnsiZGVsZXRlIjoxMjAwMDAwMDAwMDAwfX0="
        },
        {
          "index_key": "frontend",
          "schema_version": 0,
          "attributes": {
            "arn": "arn:aws:ecr:ap-northeast-1:246766638160:repository/npmatch-frontend",
            "encryption_configuration": [
              {
                "encryption_type": "AES256",
                "kms_key": ""
              }
            ],
            "force_delete": null,
            "id": "npmatch-frontend",
            "image_scanning_configuration": [
              {
                "scan_on_push": true
              }
            ],
            "image_tag_mutability": "MUTABLE",
            "name": "npmatch-frontend",
            "registry_id": "246766638160",
            "repository_url": "246766638160.dkr.ecr.ap-northeast-1.amazonaws.com/npmatch-frontend",
            "tags": {
              "Project": "npmatch",
              "Service": "frontend"
            },
            "tags_all": {
              "Project": "npmatch",
              "Service": "frontend"
            },
            "timeouts": null
          },
          "sensitive_attributes": [],
          "private": "eyJlMmJmYjczMC1lY2FhLTExZTYtOGY4OC0zNDM2M2JjN2M0YzAiOnsiZGVsZXRlIjoxMjAwMDAwMDAwMDAwfX0="
        },
        {
          "index_key": "ingestion",
          "schema_version": 0,
          "attributes": {
            "arn": "arn:aws:ecr:ap-northeast-1:246766638160:repository/npmatch-ingestion",
            "encryption_configuration": [
              {
                "encryption_type": "AES256",
                "kms_key": ""
              }
            ],
            "force_delete": null,
            "id": "npmatch-ingestion",
            "image_scanning_configuration": [
              {
                "scan_on_push": true
              }
            ],
            "image_tag_mutability": "MUTABLE",
            "name": "npmatch-ingestion",
            "registry_id": "246766638160",
            "repository_url": "246766638160.dkr.ecr.ap-northeast-1.amazonaws.com/npmatch-ingestion",
            "tags": {
              "Project": "npmatch",
              "Service": "ingestion"
            },
            "tags_all": {
              "Project": "npmatch",
              "Service": "ingestion"
            },
            "timeouts": null
          },
          "sensitive_attributes": [],
          "private": "eyJlMmJmYjczMC1lY2FhLTExZTYtOGY4OC0zNDM2M2JjN2M0YzAiOnsiZGVsZXRlIjoxMjAwMDAwMDAwMDAwfX0="
        }
      ]
    }
  ],
  "check_results": null
}
